
Microsoft Visual Studio Solution File, Format Version 12.00
# Visual Studio Version 16
VisualStudioVersion = 16.0.30907.101
MinimumVisualStudioVersion = 10.0.40219.1
Project("{FAE04EC0-301F-11D3-BF4B-00C04F79EFBC}") = "Enterprise", "Enterprise.csproj", "{FC9E9B18-706B-4F79-8A92-3D59089A6FD9}"
EndProject
Global
	GlobalSection(SolutionConfigurationPlatforms) = preSolution
		Debug|Any CPU = Debug|Any CPU
		Release|Any CPU = Release|Any CPU
	EndGlobalSection
	GlobalSection(ProjectConfigurationPlatforms) = postSolution
		{FC9E9B18-706B-4F79-8A92-3D59089A6FD9}.Debug|Any CPU.ActiveCfg = Debug|Any CPU
		{FC9E9B18-706B-4F79-8A92-3D59089A6FD9}.Debug|Any CPU.Build.0 = Debug|Any CPU
		{FC9E9B18-706B-4F79-8A92-3D59089A6FD9}.Release|Any CPU.ActiveCfg = Release|Any CPU
		{FC9E9B18-706B-4F79-8A92-3D59089A6FD9}.Release|Any CPU.Build.0 = Release|Any CPU
	EndGlobalSection
	GlobalSection(SolutionProperties) = preSolution
		HideSolutionNode = FALSE
	EndGlobalSection
	GlobalSection(ExtensibilityGlobals) = postSolution
		SolutionGuid = {CB98527C-F200-4A0F-806F-E56F195FBAC1}
	EndGlobalSection
EndGlobal
